
Microsoft Visual Studio Solution File, Format Version 12.00
# Visual Studio Version 17
VisualStudioVersion = 17.12.35514.174
MinimumVisualStudioVersion = 10.0.40219.1
Project("{FAE04EC0-301F-11D3-BF4B-00C04F79EFBC}") = "EmployeeManagementSystem.Models", "EmployeeManagementSystem.Models\EmployeeManagementSystem.Models.csproj", "{40778B4E-147D-4BAF-B553-8BE547144D46}"
EndProject
Project("{FAE04EC0-301F-11D3-BF4B-00C04F79EFBC}") = "EmployeeManagementSystem.DataAccess", "EmployeeManagementSystem.DataAccess\EmployeeManagementSystem.DataAccess.csproj", "{A3CEE0D8-6AC3-4FA7-BB2F-AE5BCF6BC9EC}"
EndProject
Project("{FAE04EC0-301F-11D3-BF4B-00C04F79EFBC}") = "EmployeeManagementSystem.Functions", "EmployeeManagementSystem.Functions\EmployeeManagementSystem.Functions.csproj", "{6EDFB66D-C20B-4640-8F51-BF8D3F0964B1}"
EndProject
Project("{FAE04EC0-301F-11D3-BF4B-00C04F79EFBC}") = "EmployeeManagement.Tests", "EmployeeManagement.Tests\EmployeeManagement.Tests.csproj", "{6E053124-A230-4409-8ED7-AB264D978530}"
EndProject
Global
	GlobalSection(SolutionConfigurationPlatforms) = preSolution
		Debug|Any CPU = Debug|Any CPU
		Release|Any CPU = Release|Any CPU
	EndGlobalSection
	GlobalSection(ProjectConfigurationPlatforms) = postSolution
		{40778B4E-147D-4BAF-B553-8BE547144D46}.Debug|Any CPU.ActiveCfg = Debug|Any CPU
		{40778B4E-147D-4BAF-B553-8BE547144D46}.Debug|Any CPU.Build.0 = Debug|Any CPU
		{40778B4E-147D-4BAF-B553-8BE547144D46}.Release|Any CPU.ActiveCfg = Release|Any CPU
		{40778B4E-147D-4BAF-B553-8BE547144D46}.Release|Any CPU.Build.0 = Release|Any CPU
		{A3CEE0D8-6AC3-4FA7-BB2F-AE5BCF6BC9EC}.Debug|Any CPU.ActiveCfg = Debug|Any CPU
		{A3CEE0D8-6AC3-4FA7-BB2F-AE5BCF6BC9EC}.Debug|Any CPU.Build.0 = Debug|Any CPU
		{A3CEE0D8-6AC3-4FA7-BB2F-AE5BCF6BC9EC}.Release|Any CPU.ActiveCfg = Release|Any CPU
		{A3CEE0D8-6AC3-4FA7-BB2F-AE5BCF6BC9EC}.Release|Any CPU.Build.0 = Release|Any CPU
		{6EDFB66D-C20B-4640-8F51-BF8D3F0964B1}.Debug|Any CPU.ActiveCfg = Debug|Any CPU
		{6EDFB66D-C20B-4640-8F51-BF8D3F0964B1}.Debug|Any CPU.Build.0 = Debug|Any CPU
		{6EDFB66D-C20B-4640-8F51-BF8D3F0964B1}.Release|Any CPU.ActiveCfg = Release|Any CPU
		{6EDFB66D-C20B-4640-8F51-BF8D3F0964B1}.Release|Any CPU.Build.0 = Release|Any CPU
		{6E053124-A230-4409-8ED7-AB264D978530}.Debug|Any CPU.ActiveCfg = Debug|Any CPU
		{6E053124-A230-4409-8ED7-AB264D978530}.Debug|Any CPU.Build.0 = Debug|Any CPU
		{6E053124-A230-4409-8ED7-AB264D978530}.Release|Any CPU.ActiveCfg = Release|Any CPU
		{6E053124-A230-4409-8ED7-AB264D978530}.Release|Any CPU.Build.0 = Release|Any CPU
	EndGlobalSection
	GlobalSection(SolutionProperties) = preSolution
		HideSolutionNode = FALSE
	EndGlobalSection
EndGlobal
